
Microsoft Visual Studio Solution File, Format Version 12.00
# Visual Studio Version 17
VisualStudioVersion = 17.4.32912.340
MinimumVisualStudioVersion = 10.0.40219.1
Project("{9A19103F-16F7-4668-BE54-9A1E7A4F7556}") = "BandCenter", "MSBandCompanionApp\BandCenter\BandCenter.csproj", "{79C63218-3A22-4207-88B8-6E42723DBE09}"
EndProject
Project("{FAE04EC0-301F-11D3-BF4B-00C04F79EFBC}") = "BandCenter.UWP", "MSBandCompanionApp\BandCenter.UWP\BandCenter.UWP.csproj", "{C6C08739-8DB0-4363-B5B9-571379C72DE9}"
EndProject
Project("{FAE04EC0-301F-11D3-BF4B-00C04F79EFBC}") = "BandCenter.Android", "MSBandCompanionApp\BandCenter.Android\BandCenter.Android.csproj", "{3E86718D-670D-479F-8C34-7BD44DD168C0}"
EndProject
Project("{FAE04EC0-301F-11D3-BF4B-00C04F79EFBC}") = "BandCenter.iOS", "MSBandCompanionApp\BandCenter.iOS\BandCenter.iOS.csproj", "{73B90968-B69C-4EEA-B805-3F1D84EF7904}"
EndProject
Global
	GlobalSection(SolutionConfigurationPlatforms) = preSolution
		Debug|Any CPU = Debug|Any CPU
		Debug|ARM = Debug|ARM
		Debug|iPhone = Debug|iPhone
		Debug|iPhoneSimulator = Debug|iPhoneSimulator
		Debug|x64 = Debug|x64
		Debug|x86 = Debug|x86
		Release|Any CPU = Release|Any CPU
		Release|ARM = Release|ARM
		Release|iPhone = Release|iPhone
		Release|iPhoneSimulator = Release|iPhoneSimulator
		Release|x64 = Release|x64
		Release|x86 = Release|x86
	EndGlobalSection
	GlobalSection(ProjectConfigurationPlatforms) = postSolution
		{79C63218-3A22-4207-88B8-6E42723DBE09}.Debug|Any CPU.ActiveCfg = Debug|Any CPU
		{79C63218-3A22-4207-88B8-6E42723DBE09}.Debug|Any CPU.Build.0 = Debug|Any CPU
		{79C63218-3A22-4207-88B8-6E42723DBE09}.Debug|Any CPU.Deploy.0 = Debug|Any CPU
		{79C63218-3A22-4207-88B8-6E42723DBE09}.Debug|ARM.ActiveCfg = Debug|Any CPU
		{79C63218-3A22-4207-88B8-6E42723DBE09}.Debug|ARM.Build.0 = Debug|Any CPU
		{79C63218-3A22-4207-88B8-6E42723DBE09}.Debug|ARM.Deploy.0 = Debug|Any CPU
		{79C63218-3A22-4207-88B8-6E42723DBE09}.Debug|iPhone.ActiveCfg = Debug|Any CPU
		{79C63218-3A22-4207-88B8-6E42723DBE09}.Debug|iPhone.Build.0 = Debug|Any CPU
		{79C63218-3A22-4207-88B8-6E42723DBE09}.Debug|iPhone.Deploy.0 = Debug|Any CPU
		{79C63218-3A22-4207-88B8-6E42723DBE09}.Debug|iPhoneSimulator.ActiveCfg = Debug|Any CPU
		{79C63218-3A22-4207-88B8-6E42723DBE09}.Debug|iPhoneSimulator.Build.0 = Debug|Any CPU
		{79C63218-3A22-4207-88B8-6E42723DBE09}.Debug|iPhoneSimulator.Deploy.0 = Debug|Any CPU
		{79C63218-3A22-4207-88B8-6E42723DBE09}.Debug|x64.ActiveCfg = Debug|Any CPU
		{79C63218-3A22-4207-88B8-6E42723DBE09}.Debug|x64.Build.0 = Debug|Any CPU
		{79C63218-3A22-4207-88B8-6E42723DBE09}.Debug|x64.Deploy.0 = Debug|Any CPU
		{79C63218-3A22-4207-88B8-6E42723DBE09}.Debug|x86.ActiveCfg = Debug|Any CPU
		{79C63218-3A22-4207-88B8-6E42723DBE09}.Debug|x86.Build.0 = Debug|Any CPU
		{79C63218-3A22-4207-88B8-6E42723DBE09}.Debug|x86.Deploy.0 = Debug|Any CPU
		{79C63218-3A22-4207-88B8-6E42723DBE09}.Release|Any CPU.ActiveCfg = Release|Any CPU
		{79C63218-3A22-4207-88B8-6E42723DBE09}.Release|Any CPU.Build.0 = Release|Any CPU
		{79C63218-3A22-4207-88B8-6E42723DBE09}.Release|Any CPU.Deploy.0 = Release|Any CPU
		{79C63218-3A22-4207-88B8-6E42723DBE09}.Release|ARM.ActiveCfg = Release|Any CPU
		{79C63218-3A22-4207-88B8-6E42723DBE09}.Release|ARM.Build.0 = Release|Any CPU
		{79C63218-3A22-4207-88B8-6E42723DBE09}.Release|ARM.Deploy.0 = Release|Any CPU
		{79C63218-3A22-4207-88B8-6E42723DBE09}.Release|iPhone.ActiveCfg = Release|Any CPU
		{79C63218-3A22-4207-88B8-6E42723DBE09}.Release|iPhone.Build.0 = Release|Any CPU
		{79C63218-3A22-4207-88B8-6E42723DBE09}.Release|iPhone.Deploy.0 = Release|Any CPU
		{79C63218-3A22-4207-88B8-6E42723DBE09}.Release|iPhoneSimulator.ActiveCfg = Release|Any CPU
		{79C63218-3A22-4207-88B8-6E42723DBE09}.Release|iPhoneSimulator.Build.0 = Release|Any CPU
		{79C63218-3A22-4207-88B8-6E42723DBE09}.Release|iPhoneSimulator.Deploy.0 = Release|Any CPU
		{79C63218-3A22-4207-88B8-6E42723DBE09}.Release|x64.ActiveCfg = Release|Any CPU
		{79C63218-3A22-4207-88B8-6E42723DBE09}.Release|x64.Build.0 = Release|Any CPU
		{79C63218-3A22-4207-88B8-6E42723DBE09}.Release|x64.Deploy.0 = Release|Any CPU
		{79C63218-3A22-4207-88B8-6E42723DBE09}.Release|x86.ActiveCfg = Release|Any CPU
		{79C63218-3A22-4207-88B8-6E42723DBE09}.Release|x86.Build.0 = Release|Any CPU
		{79C63218-3A22-4207-88B8-6E42723DBE09}.Release|x86.Deploy.0 = Release|Any CPU
		{C6C08739-8DB0-4363-B5B9-571379C72DE9}.Debug|Any CPU.ActiveCfg = Debug|x64
		{C6C08739-8DB0-4363-B5B9-571379C72DE9}.Debug|Any CPU.Build.0 = Debug|x64
		{C6C08739-8DB0-4363-B5B9-571379C72DE9}.Debug|Any CPU.Deploy.0 = Debug|x64
		{C6C08739-8DB0-4363-B5B9-571379C72DE9}.Debug|ARM.ActiveCfg = Debug|ARM
		{C6C08739-8DB0-4363-B5B9-571379C72DE9}.Debug|ARM.Build.0 = Debug|ARM
		{C6C08739-8DB0-4363-B5B9-571379C72DE9}.Debug|ARM.Deploy.0 = Debug|ARM
		{C6C08739-8DB0-4363-B5B9-571379C72DE9}.Debug|iPhone.ActiveCfg = Debug|x64
		{C6C08739-8DB0-4363-B5B9-571379C72DE9}.Debug|iPhone.Build.0 = Debug|x64
		{C6C08739-8DB0-4363-B5B9-571379C72DE9}.Debug|iPhone.Deploy.0 = Debug|x64
		{C6C08739-8DB0-4363-B5B9-571379C72DE9}.Debug|iPhoneSimulator.ActiveCfg = Debug|x64
		{C6C08739-8DB0-4363-B5B9-571379C72DE9}.Debug|iPhoneSimulator.Build.0 = Debug|x64
		{C6C08739-8DB0-4363-B5B9-571379C72DE9}.Debug|iPhoneSimulator.Deploy.0 = Debug|x64
		{C6C08739-8DB0-4363-B5B9-571379C72DE9}.Debug|x64.ActiveCfg = Debug|x64
		{C6C08739-8DB0-4363-B5B9-571379C72DE9}.Debug|x64.Build.0 = Debug|x64
		{C6C08739-8DB0-4363-B5B9-571379C72DE9}.Debug|x64.Deploy.0 = Debug|x64
		{C6C08739-8DB0-4363-B5B9-571379C72DE9}.Debug|x86.ActiveCfg = Debug|x86
		{C6C08739-8DB0-4363-B5B9-571379C72DE9}.Debug|x86.Build.0 = Debug|x86
		{C6C08739-8DB0-4363-B5B9-571379C72DE9}.Debug|x86.Deploy.0 = Debug|x86
		{C6C08739-8DB0-4363-B5B9-571379C72DE9}.Release|Any CPU.ActiveCfg = Release|x64
		{C6C08739-8DB0-4363-B5B9-571379C72DE9}.Release|Any CPU.Build.0 = Release|x64
		{C6C08739-8DB0-4363-B5B9-571379C72DE9}.Release|Any CPU.Deploy.0 = Release|x64
		{C6C08739-8DB0-4363-B5B9-571379C72DE9}.Release|ARM.ActiveCfg = Release|ARM
		{C6C08739-8DB0-4363-B5B9-571379C72DE9}.Release|ARM.Build.0 = Release|ARM
		{C6C08739-8DB0-4363-B5B9-571379C72DE9}.Release|ARM.Deploy.0 = Release|ARM
		{C6C08739-8DB0-4363-B5B9-571379C72DE9}.Release|iPhone.ActiveCfg = Release|x64
		{C6C08739-8DB0-4363-B5B9-571379C72DE9}.Release|iPhone.Build.0 = Release|x64
		{C6C08739-8DB0-4363-B5B9-571379C72DE9}.Release|iPhone.Deploy.0 = Release|x64
		{C6C08739-8DB0-4363-B5B9-571379C72DE9}.Release|iPhoneSimulator.ActiveCfg = Release|x64
		{C6C08739-8DB0-4363-B5B9-571379C72DE9}.Release|iPhoneSimulator.Build.0 = Release|x64
		{C6C08739-8DB0-4363-B5B9-571379C72DE9}.Release|iPhoneSimulator.Deploy.0 = Release|x64
		{C6C08739-8DB0-4363-B5B9-571379C72DE9}.Release|x64.ActiveCfg = Release|x64
		{C6C08739-8DB0-4363-B5B9-571379C72DE9}.Release|x64.Build.0 = Release|x64
		{C6C08739-8DB0-4363-B5B9-571379C72DE9}.Release|x64.Deploy.0 = Release|x64
		{C6C08739-8DB0-4363-B5B9-571379C72DE9}.Release|x86.ActiveCfg = Release|x86
		{C6C08739-8DB0-4363-B5B9-571379C72DE9}.Release|x86.Build.0 = Release|x86
		{C6C08739-8DB0-4363-B5B9-571379C72DE9}.Release|x86.Deploy.0 = Release|x86
		{3E86718D-670D-479F-8C34-7BD44DD168C0}.Debug|Any CPU.ActiveCfg = Debug|Any CPU
		{3E86718D-670D-479F-8C34-7BD44DD168C0}.Debug|ARM.ActiveCfg = Debug|Any CPU
		{3E86718D-670D-479F-8C34-7BD44DD168C0}.Debug|ARM.Build.0 = Debug|Any CPU
		{3E86718D-670D-479F-8C34-7BD44DD168C0}.Debug|ARM.Deploy.0 = Debug|Any CPU
		{3E86718D-670D-479F-8C34-7BD44DD168C0}.Debug|iPhone.ActiveCfg = Debug|Any CPU
		{3E86718D-670D-479F-8C34-7BD44DD168C0}.Debug|iPhone.Build.0 = Debug|Any CPU
		{3E86718D-670D-479F-8C34-7BD44DD168C0}.Debug|iPhone.Deploy.0 = Debug|Any CPU
		{3E86718D-670D-479F-8C34-7BD44DD168C0}.Debug|iPhoneSimulator.ActiveCfg = Debug|Any CPU
		{3E86718D-670D-479F-8C34-7BD44DD168C0}.Debug|iPhoneSimulator.Build.0 = Debug|Any CPU
		{3E86718D-670D-479F-8C34-7BD44DD168C0}.Debug|iPhoneSimulator.Deploy.0 = Debug|Any CPU
		{3E86718D-670D-479F-8C34-7BD44DD168C0}.Debug|x64.ActiveCfg = Debug|Any CPU
		{3E86718D-670D-479F-8C34-7BD44DD168C0}.Debug|x64.Build.0 = Debug|Any CPU
		{3E86718D-670D-479F-8C34-7BD44DD168C0}.Debug|x64.Deploy.0 = Debug|Any CPU
		{3E86718D-670D-479F-8C34-7BD44DD168C0}.Debug|x86.ActiveCfg = Debug|Any CPU
		{3E86718D-670D-479F-8C34-7BD44DD168C0}.Debug|x86.Build.0 = Debug|Any CPU
		{3E86718D-670D-479F-8C34-7BD44DD168C0}.Debug|x86.Deploy.0 = Debug|Any CPU
		{3E86718D-670D-479F-8C34-7BD44DD168C0}.Release|Any CPU.ActiveCfg = Release|Any CPU
		{3E86718D-670D-479F-8C34-7BD44DD168C0}.Release|Any CPU.Build.0 = Release|Any CPU
		{3E86718D-670D-479F-8C34-7BD44DD168C0}.Release|Any CPU.Deploy.0 = Release|Any CPU
		{3E86718D-670D-479F-8C34-7BD44DD168C0}.Release|ARM.ActiveCfg = Release|Any CPU
		{3E86718D-670D-479F-8C34-7BD44DD168C0}.Release|ARM.Build.0 = Release|Any CPU
		{3E86718D-670D-479F-8C34-7BD44DD168C0}.Release|ARM.Deploy.0 = Release|Any CPU
		{3E86718D-670D-479F-8C34-7BD44DD168C0}.Release|iPhone.ActiveCfg = Release|Any CPU
		{3E86718D-670D-479F-8C34-7BD44DD168C0}.Release|iPhone.Build.0 = Release|Any CPU
		{3E86718D-670D-479F-8C34-7BD44DD168C0}.Release|iPhone.Deploy.0 = Release|Any CPU
		{3E86718D-670D-479F-8C34-7BD44DD168C0}.Release|iPhoneSimulator.ActiveCfg = Release|Any CPU
		{3E86718D-670D-479F-8C34-7BD44DD168C0}.Release|iPhoneSimulator.Build.0 = Release|Any CPU
		{3E86718D-670D-479F-8C34-7BD44DD168C0}.Release|iPhoneSimulator.Deploy.0 = Release|Any CPU
		{3E86718D-670D-479F-8C34-7BD44DD168C0}.Release|x64.ActiveCfg = Release|Any CPU
		{3E86718D-670D-479F-8C34-7BD44DD168C0}.Release|x64.Build.0 = Release|Any CPU
		{3E86718D-670D-479F-8C34-7BD44DD168C0}.Release|x64.Deploy.0 = Release|Any CPU
		{3E86718D-670D-479F-8C34-7BD44DD168C0}.Release|x86.ActiveCfg = Release|Any CPU
		{3E86718D-670D-479F-8C34-7BD44DD168C0}.Release|x86.Build.0 = Release|Any CPU
		{3E86718D-670D-479F-8C34-7BD44DD168C0}.Release|x86.Deploy.0 = Release|Any CPU
		{73B90968-B69C-4EEA-B805-3F1D84EF7904}.Debug|Any CPU.ActiveCfg = Debug|iPhoneSimulator
		{73B90968-B69C-4EEA-B805-3F1D84EF7904}.Debug|Any CPU.Deploy.0 = Debug|iPhoneSimulator
		{73B90968-B69C-4EEA-B805-3F1D84EF7904}.Debug|ARM.ActiveCfg = Debug|iPhoneSimulator
		{73B90968-B69C-4EEA-B805-3F1D84EF7904}.Debug|ARM.Build.0 = Debug|iPhoneSimulator
		{73B90968-B69C-4EEA-B805-3F1D84EF7904}.Debug|ARM.Deploy.0 = Debug|iPhoneSimulator
		{73B90968-B69C-4EEA-B805-3F1D84EF7904}.Debug|iPhone.ActiveCfg = Debug|iPhone
		{73B90968-B69C-4EEA-B805-3F1D84EF7904}.Debug|iPhone.Build.0 = Debug|iPhone
		{73B90968-B69C-4EEA-B805-3F1D84EF7904}.Debug|iPhone.Deploy.0 = Debug|iPhone
		{73B90968-B69C-4EEA-B805-3F1D84EF7904}.Debug|iPhoneSimulator.ActiveCfg = Debug|iPhoneSimulator
		{73B90968-B69C-4EEA-B805-3F1D84EF7904}.Debug|iPhoneSimulator.Build.0 = Debug|iPhoneSimulator
		{73B90968-B69C-4EEA-B805-3F1D84EF7904}.Debug|iPhoneSimulator.Deploy.0 = Debug|iPhoneSimulator
		{73B90968-B69C-4EEA-B805-3F1D84EF7904}.Debug|x64.ActiveCfg = Debug|iPhone
		{73B90968-B69C-4EEA-B805-3F1D84EF7904}.Debug|x64.Build.0 = Debug|iPhone
		{73B90968-B69C-4EEA-B805-3F1D84EF7904}.Debug|x64.Deploy.0 = Debug|iPhone
		{73B90968-B69C-4EEA-B805-3F1D84EF7904}.Debug|x86.ActiveCfg = Debug|iPhoneSimulator
		{73B90968-B69C-4EEA-B805-3F1D84EF7904}.Debug|x86.Build.0 = Debug|iPhoneSimulator
		{73B90968-B69C-4EEA-B805-3F1D84EF7904}.Debug|x86.Deploy.0 = Debug|iPhoneSimulator
		{73B90968-B69C-4EEA-B805-3F1D84EF7904}.Release|Any CPU.ActiveCfg = Release|iPhoneSimulator
		{73B90968-B69C-4EEA-B805-3F1D84EF7904}.Release|Any CPU.Build.0 = Release|iPhoneSimulator
		{73B90968-B69C-4EEA-B805-3F1D84EF7904}.Release|Any CPU.Deploy.0 = Release|iPhoneSimulator
		{73B90968-B69C-4EEA-B805-3F1D84EF7904}.Release|ARM.ActiveCfg = Release|iPhoneSimulator
		{73B90968-B69C-4EEA-B805-3F1D84EF7904}.Release|ARM.Build.0 = Release|iPhoneSimulator
		{73B90968-B69C-4EEA-B805-3F1D84EF7904}.Release|ARM.Deploy.0 = Release|iPhoneSimulator
		{73B90968-B69C-4EEA-B805-3F1D84EF7904}.Release|iPhone.ActiveCfg = Release|iPhone
		{73B90968-B69C-4EEA-B805-3F1D84EF7904}.Release|iPhone.Build.0 = Release|iPhone
		{73B90968-B69C-4EEA-B805-3F1D84EF7904}.Release|iPhone.Deploy.0 = Release|iPhone
		{73B90968-B69C-4EEA-B805-3F1D84EF7904}.Release|iPhoneSimulator.ActiveCfg = Release|iPhoneSimulator
		{73B90968-B69C-4EEA-B805-3F1D84EF7904}.Release|iPhoneSimulator.Build.0 = Release|iPhoneSimulator
		{73B90968-B69C-4EEA-B805-3F1D84EF7904}.Release|iPhoneSimulator.Deploy.0 = Release|iPhoneSimulator
		{73B90968-B69C-4EEA-B805-3F1D84EF7904}.Release|x64.ActiveCfg = Release|iPhoneSimulator
		{73B90968-B69C-4EEA-B805-3F1D84EF7904}.Release|x64.Build.0 = Release|iPhoneSimulator
		{73B90968-B69C-4EEA-B805-3F1D84EF7904}.Release|x64.Deploy.0 = Release|iPhoneSimulator
		{73B90968-B69C-4EEA-B805-3F1D84EF7904}.Release|x86.ActiveCfg = Release|iPhoneSimulator
		{73B90968-B69C-4EEA-B805-3F1D84EF7904}.Release|x86.Build.0 = Release|iPhoneSimulator
		{73B90968-B69C-4EEA-B805-3F1D84EF7904}.Release|x86.Deploy.0 = Release|iPhoneSimulator
	EndGlobalSection
	GlobalSection(SolutionProperties) = preSolution
		HideSolutionNode = FALSE
	EndGlobalSection
	GlobalSection(ExtensibilityGlobals) = postSolution
		SolutionGuid = {477F64F4-8371-4AC1-AADB-0139CA672B1F}
	EndGlobalSection
EndGlobal
